
Microsoft Visual Studio Solution File, Format Version 12.00
# Visual Studio Version 16
VisualStudioVersion = 16.0.30804.86
MinimumVisualStudioVersion = 10.0.40219.1
Project("{9A19103F-16F7-4668-BE54-9A1E7A4F7556}") = "WebApp", "WebApp\WebApp.csproj", "{F16AD095-7EAB-4B7B-8303-C73184FD1FFC}"
EndProject
Project("{9A19103F-16F7-4668-BE54-9A1E7A4F7556}") = "BLL", "BLL\BLL.csproj", "{C4401645-B8FD-445B-9D86-A735565235BE}"
EndProject
Project("{9A19103F-16F7-4668-BE54-9A1E7A4F7556}") = "IBLL", "IBLL\IBLL.csproj", "{B4FDFDBC-8639-41E9-B8A7-6F0A60928B85}"
EndProject
Project("{9A19103F-16F7-4668-BE54-9A1E7A4F7556}") = "Core.Common", "Core.Common\Core.Common.csproj", "{DC7A2A77-5DC4-4003-A7A3-1594A173F0A2}"
EndProject
Project("{9A19103F-16F7-4668-BE54-9A1E7A4F7556}") = "Core.Data", "Core.Data\Core.Data.csproj", "{90ADAABD-FC02-48CB-B5B7-E40D33F2B65C}"
EndProject
Project("{9A19103F-16F7-4668-BE54-9A1E7A4F7556}") = "WebChat", "WebChat\WebChat.csproj", "{8F3025B7-7E0E-4FF9-8E02-C7AA72259837}"
EndProject
Project("{9A19103F-16F7-4668-BE54-9A1E7A4F7556}") = "IocDemo", "IocDemo\IocDemo.csproj", "{9BA9D31C-7FC9-4AE0-B9DB-85E21C6653A1}"
EndProject
Global
	GlobalSection(SolutionConfigurationPlatforms) = preSolution
		Debug|Any CPU = Debug|Any CPU
		Release|Any CPU = Release|Any CPU
	EndGlobalSection
	GlobalSection(ProjectConfigurationPlatforms) = postSolution
		{F16AD095-7EAB-4B7B-8303-C73184FD1FFC}.Debug|Any CPU.ActiveCfg = Debug|Any CPU
		{F16AD095-7EAB-4B7B-8303-C73184FD1FFC}.Debug|Any CPU.Build.0 = Debug|Any CPU
		{F16AD095-7EAB-4B7B-8303-C73184FD1FFC}.Release|Any CPU.ActiveCfg = Release|Any CPU
		{F16AD095-7EAB-4B7B-8303-C73184FD1FFC}.Release|Any CPU.Build.0 = Release|Any CPU
		{C4401645-B8FD-445B-9D86-A735565235BE}.Debug|Any CPU.ActiveCfg = Debug|Any CPU
		{C4401645-B8FD-445B-9D86-A735565235BE}.Debug|Any CPU.Build.0 = Debug|Any CPU
		{C4401645-B8FD-445B-9D86-A735565235BE}.Release|Any CPU.ActiveCfg = Release|Any CPU
		{C4401645-B8FD-445B-9D86-A735565235BE}.Release|Any CPU.Build.0 = Release|Any CPU
		{B4FDFDBC-8639-41E9-B8A7-6F0A60928B85}.Debug|Any CPU.ActiveCfg = Debug|Any CPU
		{B4FDFDBC-8639-41E9-B8A7-6F0A60928B85}.Debug|Any CPU.Build.0 = Debug|Any CPU
		{B4FDFDBC-8639-41E9-B8A7-6F0A60928B85}.Release|Any CPU.ActiveCfg = Release|Any CPU
		{B4FDFDBC-8639-41E9-B8A7-6F0A60928B85}.Release|Any CPU.Build.0 = Release|Any CPU
		{DC7A2A77-5DC4-4003-A7A3-1594A173F0A2}.Debug|Any CPU.ActiveCfg = Debug|Any CPU
		{DC7A2A77-5DC4-4003-A7A3-1594A173F0A2}.Debug|Any CPU.Build.0 = Debug|Any CPU
		{DC7A2A77-5DC4-4003-A7A3-1594A173F0A2}.Release|Any CPU.ActiveCfg = Release|Any CPU
		{DC7A2A77-5DC4-4003-A7A3-1594A173F0A2}.Release|Any CPU.Build.0 = Release|Any CPU
		{90ADAABD-FC02-48CB-B5B7-E40D33F2B65C}.Debug|Any CPU.ActiveCfg = Debug|Any CPU
		{90ADAABD-FC02-48CB-B5B7-E40D33F2B65C}.Debug|Any CPU.Build.0 = Debug|Any CPU
		{90ADAABD-FC02-48CB-B5B7-E40D33F2B65C}.Release|Any CPU.ActiveCfg = Release|Any CPU
		{90ADAABD-FC02-48CB-B5B7-E40D33F2B65C}.Release|Any CPU.Build.0 = Release|Any CPU
		{8F3025B7-7E0E-4FF9-8E02-C7AA72259837}.Debug|Any CPU.ActiveCfg = Debug|Any CPU
		{8F3025B7-7E0E-4FF9-8E02-C7AA72259837}.Debug|Any CPU.Build.0 = Debug|Any CPU
		{8F3025B7-7E0E-4FF9-8E02-C7AA72259837}.Release|Any CPU.ActiveCfg = Release|Any CPU
		{8F3025B7-7E0E-4FF9-8E02-C7AA72259837}.Release|Any CPU.Build.0 = Release|Any CPU
		{9BA9D31C-7FC9-4AE0-B9DB-85E21C6653A1}.Debug|Any CPU.ActiveCfg = Debug|Any CPU
		{9BA9D31C-7FC9-4AE0-B9DB-85E21C6653A1}.Debug|Any CPU.Build.0 = Debug|Any CPU
		{9BA9D31C-7FC9-4AE0-B9DB-85E21C6653A1}.Release|Any CPU.ActiveCfg = Release|Any CPU
		{9BA9D31C-7FC9-4AE0-B9DB-85E21C6653A1}.Release|Any CPU.Build.0 = Release|Any CPU
	EndGlobalSection
	GlobalSection(SolutionProperties) = preSolution
		HideSolutionNode = FALSE
	EndGlobalSection
	GlobalSection(ExtensibilityGlobals) = postSolution
		SolutionGuid = {238D7D67-F969-4E06-84DF-3E90C5F061B7}
	EndGlobalSection
EndGlobal
